Microsoft Visual Studio Solution File, Format Version 7.00
Project("{8BC9CEB8-8B4A-11D0-8D11-00A0C91BC942}") = "Extension", "Extension\Extension.vcproj", "{9458F87A-AD51-4D33-B5A4-38ECAE0D05A5}"
EndProject
Project("{8BC9CEB8-8B4A-11D0-8D11-00A0C91BC942}") = "ExtensionTest", "ExtensionTest\Main.vcproj", "{F415281A-2C44-41AD-8E57-FAEB57F06373}"
EndProject
Global
	GlobalSection(SolutionConfiguration) = preSolution
		ConfigName.0 = Debug
		ConfigName.1 = Release
	EndGlobalSection
	GlobalSection(ProjectDependencies) = postSolution
	EndGlobalSection
	GlobalSection(ProjectConfiguration) = postSolution
		{9458F87A-AD51-4D33-B5A4-38ECAE0D05A5}.Debug.ActiveCfg = Debug|Win32
		{9458F87A-AD51-4D33-B5A4-38ECAE0D05A5}.Debug.Build.0 = Debug|Win32
		{9458F87A-AD51-4D33-B5A4-38ECAE0D05A5}.Release.ActiveCfg = Release|Win32
		{9458F87A-AD51-4D33-B5A4-38ECAE0D05A5}.Release.Build.0 = Release|Win32
		{F415281A-2C44-41AD-8E57-FAEB57F06373}.Debug.ActiveCfg = Debug|Win32
		{F415281A-2C44-41AD-8E57-FAEB57F06373}.Debug.Build.0 = Debug|Win32
		{F415281A-2C44-41AD-8E57-FAEB57F06373}.Release.ActiveCfg = Release|Win32
		{F415281A-2C44-41AD-8E57-FAEB57F06373}.Release.Build.0 = Release|Win32
	EndGlobalSection
	GlobalSection(ExtensibilityGlobals) = postSolution
	EndGlobalSection
	GlobalSection(ExtensibilityAddIns) = postSolution
	EndGlobalSection
EndGlobal
